
Microsoft Visual Studio Solution File, Format Version 12.00
# Visual Studio 15
VisualStudioVersion = 15.0.28307.779
MinimumVisualStudioVersion = 10.0.40219.1
Project("{FAE04EC0-301F-11D3-BF4B-00C04F79EFBC}") = "TesteViaVarejoMVC", "TesteViaVarejoMVC\TesteViaVarejoMVC.csproj", "{9AA0BA1A-5479-4DC8-970B-8EDE2D313869}"
EndProject
Global
	GlobalSection(SolutionConfigurationPlatforms) = preSolution
		Debug|Any CPU = Debug|Any CPU
		Release|Any CPU = Release|Any CPU
	EndGlobalSection
	GlobalSection(ProjectConfigurationPlatforms) = postSolution
		{9AA0BA1A-5479-4DC8-970B-8EDE2D313869}.Debug|Any CPU.ActiveCfg = Debug|Any CPU
		{9AA0BA1A-5479-4DC8-970B-8EDE2D313869}.Debug|Any CPU.Build.0 = Debug|Any CPU
		{9AA0BA1A-5479-4DC8-970B-8EDE2D313869}.Release|Any CPU.ActiveCfg = Release|Any CPU
		{9AA0BA1A-5479-4DC8-970B-8EDE2D313869}.Release|Any CPU.Build.0 = Release|Any CPU
	EndGlobalSection
	GlobalSection(SolutionProperties) = preSolution
		HideSolutionNode = FALSE
	EndGlobalSection
	GlobalSection(ExtensibilityGlobals) = postSolution
		SolutionGuid = {D7787AE2-6270-4E1B-AAD4-C6A867D7D427}
	EndGlobalSection
EndGlobal
